
Microsoft Visual Studio Solution File, Format Version 12.00
# Visual Studio 2013
VisualStudioVersion = 12.0.40629.0
MinimumVisualStudioVersion = 10.0.40219.1
Project("{FAE04EC0-301F-11D3-BF4B-00C04F79EFBC}") = "Pwc.Test.Web", "Pwc.Test.Web\Pwc.Test.Web.csproj", "{E05FECDE-9D9C-4AF1-B0DC-F725CC5CDB59}"
EndProject
Project("{FAE04EC0-301F-11D3-BF4B-00C04F79EFBC}") = "Pwc.Test.Lib", "Pwc.Test.Lib\Pwc.Test.Lib.csproj", "{E827A6A9-36B7-4E7D-AFAA-99A8850E9D3E}"
EndProject
Project("{FAE04EC0-301F-11D3-BF4B-00C04F79EFBC}") = "Pwc.Test.Tests", "Pwc.Test.Tests\Pwc.Test.Tests.csproj", "{32E6E9FA-A295-457E-85DD-7D1971E1FE1F}"
EndProject
Global
	GlobalSection(SolutionConfigurationPlatforms) = preSolution
		Debug|Any CPU = Debug|Any CPU
		Release|Any CPU = Release|Any CPU
	EndGlobalSection
	GlobalSection(ProjectConfigurationPlatforms) = postSolution
		{E05FECDE-9D9C-4AF1-B0DC-F725CC5CDB59}.Debug|Any CPU.ActiveCfg = Debug|Any CPU
		{E05FECDE-9D9C-4AF1-B0DC-F725CC5CDB59}.Debug|Any CPU.Build.0 = Debug|Any CPU
		{E05FECDE-9D9C-4AF1-B0DC-F725CC5CDB59}.Release|Any CPU.ActiveCfg = Release|Any CPU
		{E05FECDE-9D9C-4AF1-B0DC-F725CC5CDB59}.Release|Any CPU.Build.0 = Release|Any CPU
		{E827A6A9-36B7-4E7D-AFAA-99A8850E9D3E}.Debug|Any CPU.ActiveCfg = Debug|Any CPU
		{E827A6A9-36B7-4E7D-AFAA-99A8850E9D3E}.Debug|Any CPU.Build.0 = Debug|Any CPU
		{E827A6A9-36B7-4E7D-AFAA-99A8850E9D3E}.Release|Any CPU.ActiveCfg = Release|Any CPU
		{E827A6A9-36B7-4E7D-AFAA-99A8850E9D3E}.Release|Any CPU.Build.0 = Release|Any CPU
		{32E6E9FA-A295-457E-85DD-7D1971E1FE1F}.Debug|Any CPU.ActiveCfg = Debug|Any CPU
		{32E6E9FA-A295-457E-85DD-7D1971E1FE1F}.Debug|Any CPU.Build.0 = Debug|Any CPU
		{32E6E9FA-A295-457E-85DD-7D1971E1FE1F}.Release|Any CPU.ActiveCfg = Release|Any CPU
		{32E6E9FA-A295-457E-85DD-7D1971E1FE1F}.Release|Any CPU.Build.0 = Release|Any CPU
	EndGlobalSection
	GlobalSection(SolutionProperties) = preSolution
		HideSolutionNode = FALSE
	EndGlobalSection
EndGlobal
